
Microsoft Visual Studio Solution File, Format Version 12.00
# Visual Studio Version 16
VisualStudioVersion = 16.0.28606.126
MinimumVisualStudioVersion = 10.0.40219.1
Project("{FAE04EC0-301F-11D3-BF4B-00C04F79EFBC}") = "MovieList", "MovieList\MovieList.csproj", "{BFF75BA5-6CDB-4A69-B5B5-1051CEA7C926}"
EndProject
Project("{FAE04EC0-301F-11D3-BF4B-00C04F79EFBC}") = "MovieList.Data", "MovieList.Data\MovieList.Data.csproj", "{EBDC4F2E-8483-4614-BA8E-F1993A46A473}"
EndProject
Global
	GlobalSection(SolutionConfigurationPlatforms) = preSolution
		Debug|Any CPU = Debug|Any CPU
		Release|Any CPU = Release|Any CPU
	EndGlobalSection
	GlobalSection(ProjectConfigurationPlatforms) = postSolution
		{BFF75BA5-6CDB-4A69-B5B5-1051CEA7C926}.Debug|Any CPU.ActiveCfg = Debug|Any CPU
		{BFF75BA5-6CDB-4A69-B5B5-1051CEA7C926}.Debug|Any CPU.Build.0 = Debug|Any CPU
		{BFF75BA5-6CDB-4A69-B5B5-1051CEA7C926}.Release|Any CPU.ActiveCfg = Release|Any CPU
		{BFF75BA5-6CDB-4A69-B5B5-1051CEA7C926}.Release|Any CPU.Build.0 = Release|Any CPU
		{EBDC4F2E-8483-4614-BA8E-F1993A46A473}.Debug|Any CPU.ActiveCfg = Debug|Any CPU
		{EBDC4F2E-8483-4614-BA8E-F1993A46A473}.Debug|Any CPU.Build.0 = Debug|Any CPU
		{EBDC4F2E-8483-4614-BA8E-F1993A46A473}.Release|Any CPU.ActiveCfg = Release|Any CPU
		{EBDC4F2E-8483-4614-BA8E-F1993A46A473}.Release|Any CPU.Build.0 = Release|Any CPU
	EndGlobalSection
	GlobalSection(SolutionProperties) = preSolution
		HideSolutionNode = FALSE
	EndGlobalSection
	GlobalSection(ExtensibilityGlobals) = postSolution
		SolutionGuid = {931E87C9-5540-4B0A-AC27-7D662DAD4953}
	EndGlobalSection
EndGlobal
